
Microsoft Visual Studio Solution File, Format Version 12.00
# Visual Studio Version 17
VisualStudioVersion = 17.10.35027.167
MinimumVisualStudioVersion = 10.0.40219.1
Project("{FAE04EC0-301F-11D3-BF4B-00C04F79EFBC}") = "ListPractice", "ListPractice\ListPractice.csproj", "{B8ED836A-A678-44C9-A039-4FE9D8244C24}"
EndProject
Global
	GlobalSection(SolutionConfigurationPlatforms) = preSolution
		Debug|Any CPU = Debug|Any CPU
		Release|Any CPU = Release|Any CPU
	EndGlobalSection
	GlobalSection(ProjectConfigurationPlatforms) = postSolution
		{B8ED836A-A678-44C9-A039-4FE9D8244C24}.Debug|Any CPU.ActiveCfg = Debug|Any CPU
		{B8ED836A-A678-44C9-A039-4FE9D8244C24}.Debug|Any CPU.Build.0 = Debug|Any CPU
		{B8ED836A-A678-44C9-A039-4FE9D8244C24}.Release|Any CPU.ActiveCfg = Release|Any CPU
		{B8ED836A-A678-44C9-A039-4FE9D8244C24}.Release|Any CPU.Build.0 = Release|Any CPU
	EndGlobalSection
	GlobalSection(SolutionProperties) = preSolution
		HideSolutionNode = FALSE
	EndGlobalSection
	GlobalSection(ExtensibilityGlobals) = postSolution
		SolutionGuid = {8C914559-6A98-4C07-A666-201386F6AAC8}
	EndGlobalSection
EndGlobal
